// !$*UTF8*$!
{
	archiveVersion = 1;
	classes = {
	};
	objectVersion = 50;
	objects = {

/* Begin PBXBuildFile section */
		5BA86A132376FC5500F7DD7D /* FileMetadata.swift in Sources */ = {isa = PBXBuildFile; fileRef = 5BA86A122376FC5500F7DD7D /* FileMetadata.swift */; };
		5BA86A142376FEF000F7DD7D /* FileMetadata.swift in Sources */ = {isa = PBXBuildFile; fileRef = 5BA86A122376FC5500F7DD7D /* FileMetadata.swift */; };
		5BA9328F2376BA780074C186 /* AppDelegate.swift in Sources */ = {isa = PBXBuildFile; fileRef = 5BA9328E2376BA780074C186 /* AppDelegate.swift */; };
		5BA932912376BA780074C186 /* DocumentBrowserViewController.swift in Sources */ = {isa = PBXBuildFile; fileRef = 5BA932902376BA780074C186 /* DocumentBrowserViewController.swift */; };
		5BA932932376BA780074C186 /* DocumentViewController.swift in Sources */ = {isa = PBXBuildFile; fileRef = 5BA932922376BA780074C186 /* DocumentViewController.swift */; };
		5BA932952376BA780074C186 /* Document.swift in Sources */ = {isa = PBXBuildFile; fileRef = 5BA932942376BA780074C186 /* Document.swift */; };
		5BA932982376BA780074C186 /* Main.storyboard in Resources */ = {isa = PBXBuildFile; fileRef = 5BA932962376BA780074C186 /* Main.storyboard */; };
		5BA9329A2376BA790074C186 /* Assets.xcassets in Resources */ = {isa = PBXBuildFile; fileRef = 5BA932992376BA790074C186 /* Assets.xcassets */; };
		5BA9329D2376BA790074C186 /* LaunchScreen.storyboard in Resources */ = {isa = PBXBuildFile; fileRef = 5BA9329B2376BA790074C186 /* LaunchScreen.storyboard */; };
		5BBEB7FD2376CEBD00B93F09 /* ShareViewController.swift in Sources */ = {isa = PBXBuildFile; fileRef = 5BBEB7FC2376CEBD00B93F09 /* ShareViewController.swift */; };
		5BBEB8002376CEBD00B93F09 /* MainInterface.storyboard in Resources */ = {isa = PBXBuildFile; fileRef = 5BBEB7FE2376CEBD00B93F09 /* MainInterface.storyboard */; };
		5BBEB8042376CEBD00B93F09 /* shareExtension.appex in Embed App Extensions */ = {isa = PBXBuildFile; fileRef = 5BBEB7FA2376CEBD00B93F09 /* shareExtension.appex */; settings = {ATTRIBUTES = (RemoveHeadersOnCopy, ); }; };
/* End PBXBuildFile section */

/* Begin PBXContainerItemProxy section */
		5BBEB8022376CEBD00B93F09 /* PBXContainerItemProxy */ = {
			isa = PBXContainerItemProxy;
			containerPortal = 5BA932832376BA780074C186 /* Project object */;
			proxyType = 1;
			remoteGlobalIDString = 5BBEB7F92376CEBD00B93F09;
			remoteInfo = shareExtension;
		};
/* End PBXContainerItemProxy section */

/* Begin PBXCopyFilesBuildPhase section */
		5BBEB8052376CEBD00B93F09 /* Embed App Extensions */ = {
			isa = PBXCopyFilesBuildPhase;
			buildActionMask = 2147483647;
			dstPath = "";
			dstSubfolderSpec = 13;
			files = (
				5BBEB8042376CEBD00B93F09 /* shareExtension.appex in Embed App Extensions */,
			);
			name = "Embed App Extensions";
			runOnlyForDeploymentPostprocessing = 0;
		};
/* End PBXCopyFilesBuildPhase section */

/* Begin PBXFileReference section */
		5BA86A122376FC5500F7DD7D /* FileMetadata.swift */ = {isa = PBXFileReference; lastKnownFileType = sourcecode.swift; path = FileMetadata.swift; sourceTree = "<group>"; };
		5BA9328B2376BA780074C186 /* MetaMan.app */ = {isa = PBXFileReference; explicitFileType = wrapper.application; includeInIndex = 0; path = MetaMan.app; sourceTree = BUILT_PRODUCTS_DIR; };
		5BA9328E2376BA780074C186 /* AppDelegate.swift */ = {isa = PBXFileReference; lastKnownFileType = sourcecode.swift; path = AppDelegate.swift; sourceTree = "<group>"; };
		5BA932902376BA780074C186 /* DocumentBrowserViewController.swift */ = {isa = PBXFileReference; lastKnownFileType = sourcecode.swift; path = DocumentBrowserViewController.swift; sourceTree = "<group>"; };
		5BA932922376BA780074C186 /* DocumentViewController.swift */ = {isa = PBXFileReference; lastKnownFileType = sourcecode.swift; path = DocumentViewController.swift; sourceTree = "<group>"; };
		5BA932942376BA780074C186 /* Document.swift */ = {isa = PBXFileReference; lastKnownFileType = sourcecode.swift; path = Document.swift; sourceTree = "<group>"; };
		5BA932972376BA780074C186 /* Base */ = {isa = PBXFileReference; lastKnownFileType = file.storyboard; name = Base; path = Base.lproj/Main.storyboard; sourceTree = "<group>"; };
		5BA932992376BA790074C186 /* Assets.xcassets */ = {isa = PBXFileReference; lastKnownFileType = folder.assetcatalog; path = Assets.xcassets; sourceTree = "<group>"; };
		5BA9329C2376BA790074C186 /* Base */ = {isa = PBXFileReference; lastKnownFileType = file.storyboard; name = Base; path = Base.lproj/LaunchScreen.storyboard; sourceTree = "<group>"; };
		5BA9329E2376BA790074C186 /* Info.plist */ = {isa = PBXFileReference; lastKnownFileType = text.plist.xml; path = Info.plist; sourceTree = "<group>"; };
		5BBEB7FA2376CEBD00B93F09 /* shareExtension.appex */ = {isa = PBXFileReference; explicitFileType = "wrapper.app-extension"; includeInIndex = 0; path = shareExtension.appex; sourceTree = BUILT_PRODUCTS_DIR; };
		5BBEB7FC2376CEBD00B93F09 /* ShareViewController.swift */ = {isa = PBXFileReference; lastKnownFileType = sourcecode.swift; path = ShareViewController.swift; sourceTree = "<group>"; };
		5BBEB7FF2376CEBD00B93F09 /* Base */ = {isa = PBXFileReference; lastKnownFileType = file.storyboard; name = Base; path = Base.lproj/MainInterface.storyboard; sourceTree = "<group>"; };
		5BBEB8012376CEBD00B93F09 /* Info.plist */ = {isa = PBXFileReference; lastKnownFileType = text.plist.xml; path = Info.plist; sourceTree = "<group>"; };
		5BBEB8092376CF1A00B93F09 /* shareExtension.entitlements */ = {isa = PBXFileReference; lastKnownFileType = text.plist.entitlements; path = shareExtension.entitlements; sourceTree = "<group>"; };
		5BBEB80A2376D00A00B93F09 /* MetaMan.entitlements */ = {isa = PBXFileReference; lastKnownFileType = text.plist.entitlements; path = MetaMan.entitlements; sourceTree = "<group>"; };
/* End PBXFileReference section */

/* Begin PBXFrameworksBuildPhase section */
		5BA932882376BA780074C186 /* Frameworks */ = {
			isa = PBXFrameworksBuildPhase;
			buildActionMask = 2147483647;
			files = (
			);
			runOnlyForDeploymentPostprocessing = 0;
		};
		5BBEB7F72376CEBD00B93F09 /* Frameworks */ = {
			isa = PBXFrameworksBuildPhase;
			buildActionMask = 2147483647;
			files = (
			);
			runOnlyForDeploymentPostprocessing = 0;
		};
/* End PBXFrameworksBuildPhase section */

/* Begin PBXGroup section */
		5BA932822376BA780074C186 = {
			isa = PBXGroup;
			children = (
				5BA9328D2376BA780074C186 /* MetaMan */,
				5BBEB7FB2376CEBD00B93F09 /* shareExtension */,
				5BA9328C2376BA780074C186 /* Products */,
			);
			sourceTree = "<group>";
		};
		5BA9328C2376BA780074C186 /* Products */ = {
			isa = PBXGroup;
			children = (
				5BA9328B2376BA780074C186 /* MetaMan.app */,
				5BBEB7FA2376CEBD00B93F09 /* shareExtension.appex */,
			);
			name = Products;
			sourceTree = "<group>";
		};
		5BA9328D2376BA780074C186 /* MetaMan */ = {
			isa = PBXGroup;
			children = (
				5BBEB80A2376D00A00B93F09 /* MetaMan.entitlements */,
				5BA9328E2376BA780074C186 /* AppDelegate.swift */,
				5BA932902376BA780074C186 /* DocumentBrowserViewController.swift */,
				5BA932922376BA780074C186 /* DocumentViewController.swift */,
				5BA932942376BA780074C186 /* Document.swift */,
				5BA932962376BA780074C186 /* Main.storyboard */,
				5BA932992376BA790074C186 /* Assets.xcassets */,
				5BA9329B2376BA790074C186 /* LaunchScreen.storyboard */,
				5BA9329E2376BA790074C186 /* Info.plist */,
			);
			path = MetaMan;
			sourceTree = "<group>";
		};
		5BBEB7FB2376CEBD00B93F09 /* shareExtension */ = {
			isa = PBXGroup;
			children = (
				5BBEB8092376CF1A00B93F09 /* shareExtension.entitlements */,
				5BBEB7FC2376CEBD00B93F09 /* ShareViewController.swift */,
				5BBEB7FE2376CEBD00B93F09 /* MainInterface.storyboard */,
				5BBEB8012376CEBD00B93F09 /* Info.plist */,
				5BA86A122376FC5500F7DD7D /* FileMetadata.swift */,
			);
			path = shareExtension;
			sourceTree = "<group>";
		};
/* End PBXGroup section */

/* Begin PBXNativeTarget section */
		5BA9328A2376BA780074C186 /* MetaMan */ = {
			isa = PBXNativeTarget;
			buildConfigurationList = 5BA932A12376BA790074C186 /* Build configuration list for PBXNativeTarget "MetaMan" */;
			buildPhases = (
				5BA932872376BA780074C186 /* Sources */,
				5BA932882376BA780074C186 /* Frameworks */,
				5BA932892376BA780074C186 /* Resources */,
				5BBEB8052376CEBD00B93F09 /* Embed App Extensions */,
			);
			buildRules = (
			);
			dependencies = (
				5BBEB8032376CEBD00B93F09 /* PBXTargetDependency */,
			);
			name = MetaMan;
			productName = MetaMan;
			productReference = 5BA9328B2376BA780074C186 /* MetaMan.app */;
			productType = "com.apple.product-type.application";
		};
		5BBEB7F92376CEBD00B93F09 /* shareExtension */ = {
			isa = PBXNativeTarget;
			buildConfigurationList = 5BBEB8082376CEBD00B93F09 /* Build configuration list for PBXNativeTarget "shareExtension" */;
			buildPhases = (
				5BBEB7F62376CEBD00B93F09 /* Sources */,
				5BBEB7F72376CEBD00B93F09 /* Frameworks */,
				5BBEB7F82376CEBD00B93F09 /* Resources */,
			);
			buildRules = (
			);
			dependencies = (
			);
			name = shareExtension;
			productName = shareExtension;
			productReference = 5BBEB7FA2376CEBD00B93F09 /* shareExtension.appex */;
			productType = "com.apple.product-type.app-extension";
		};
/* End PBXNativeTarget section */

/* Begin PBXProject section */
		5BA932832376BA780074C186 /* Project object */ = {
			isa = PBXProject;
			attributes = {
				LastSwiftUpdateCheck = 1120;
				LastUpgradeCheck = 1100;
				ORGANIZATIONNAME = "Martin Zörfuss";
				TargetAttributes = {
					5BA9328A2376BA780074C186 = {
						CreatedOnToolsVersion = 11.0;
					};
					5BBEB7F92376CEBD00B93F09 = {
						CreatedOnToolsVersion = 11.2.1;
					};
				};
			};
			buildConfigurationList = 5BA932862376BA780074C186 /* Build configuration list for PBXProject "MetaMan" */;
			compatibilityVersion = "Xcode 9.3";
			developmentRegion = en;
			hasScannedForEncodings = 0;
			knownRegions = (
				en,
				Base,
			);
			mainGroup = 5BA932822376BA780074C186;
			productRefGroup = 5BA9328C2376BA780074C186 /* Products */;
			projectDirPath = "";
			projectRoot = "";
			targets = (
				5BA9328A2376BA780074C186 /* MetaMan */,
				5BBEB7F92376CEBD00B93F09 /* shareExtension */,
			);
		};
/* End PBXProject section */

/* Begin PBXResourcesBuildPhase section */
		5BA932892376BA780074C186 /* Resources */ = {
			isa = PBXResourcesBuildPhase;
			buildActionMask = 2147483647;
			files = (
				5BA9329D2376BA790074C186 /* LaunchScreen.storyboard in Resources */,
				5BA9329A2376BA790074C186 /* Assets.xcassets in Resources */,
				5BA932982376BA780074C186 /* Main.storyboard in Resources */,
			);
			runOnlyForDeploymentPostprocessing = 0;
		};
		5BBEB7F82376CEBD00B93F09 /* Resources */ = {
			isa = PBXResourcesBuildPhase;
			buildActionMask = 2147483647;
			files = (
				5BBEB8002376CEBD00B93F09 /* MainInterface.storyboard in Resources */,
			);
			runOnlyForDeploymentPostprocessing = 0;
		};
/* End PBXResourcesBuildPhase section */

/* Begin PBXSourcesBuildPhase section */
		5BA932872376BA780074C186 /* Sources */ = {
			isa = PBXSourcesBuildPhase;
			buildActionMask = 2147483647;
			files = (
				5BA932952376BA780074C186 /* Document.swift in Sources */,
				5BA932932376BA780074C186 /* DocumentViewController.swift in Sources */,
				5BA86A142376FEF000F7DD7D /* FileMetadata.swift in Sources */,
				5BA932912376BA780074C186 /* DocumentBrowserViewController.swift in Sources */,
				5BA9328F2376BA780074C186 /* AppDelegate.swift in Sources */,
			);
			runOnlyForDeploymentPostprocessing = 0;
		};
		5BBEB7F62376CEBD00B93F09 /* Sources */ = {
			isa = PBXSourcesBuildPhase;
			buildActionMask = 2147483647;
			files = (
				5BA86A132376FC5500F7DD7D /* FileMetadata.swift in Sources */,
				5BBEB7FD2376CEBD00B93F09 /* ShareViewController.swift in Sources */,
			);
			runOnlyForDeploymentPostprocessing = 0;
		};
/* End PBXSourcesBuildPhase section */

/* Begin PBXTargetDependency section */
		5BBEB8032376CEBD00B93F09 /* PBXTargetDependency */ = {
			isa = PBXTargetDependency;
			target = 5BBEB7F92376CEBD00B93F09 /* shareExtension */;
			targetProxy = 5BBEB8022376CEBD00B93F09 /* PBXContainerItemProxy */;
		};
/* End PBXTargetDependency section */

/* Begin PBXVariantGroup section */
		5BA932962376BA780074C186 /* Main.storyboard */ = {
			isa = PBXVariantGroup;
			children = (
				5BA932972376BA780074C186 /* Base */,
			);
			name = Main.storyboard;
			sourceTree = "<group>";
		};
		5BA9329B2376BA790074C186 /* LaunchScreen.storyboard */ = {
			isa = PBXVariantGroup;
			children = (
				5BA9329C2376BA790074C186 /* Base */,
			);
			name = LaunchScreen.storyboard;
			sourceTree = "<group>";
		};
		5BBEB7FE2376CEBD00B93F09 /* MainInterface.storyboard */ = {
			isa = PBXVariantGroup;
			children = (
				5BBEB7FF2376CEBD00B93F09 /* Base */,
			);
			name = MainInterface.storyboard;
			sourceTree = "<group>";
		};
/* End PBXVariantGroup section */

/* Begin XCBuildConfiguration section */
		5BA9329F2376BA790074C186 /* Debug */ = {
			isa = XCBuildConfiguration;
			buildSettings = {
				ALWAYS_SEARCH_USER_PATHS = NO;
				CLANG_ANALYZER_NONNULL = YES;
				CLANG_ANALYZER_NUMBER_OBJECT_CONVERSION = YES_AGGRESSIVE;
				CLANG_CXX_LANGUAGE_STANDARD = "gnu++14";
				CLANG_CXX_LIBRARY = "libc++";
				CLANG_ENABLE_MODULES = YES;
				CLANG_ENABLE_OBJC_ARC = YES;
				CLANG_ENABLE_OBJC_WEAK = YES;
				CLANG_WARN_BLOCK_CAPTURE_AUTORELEASING = YES;
				CLANG_WARN_BOOL_CONVERSION = YES;
				CLANG_WARN_COMMA = YES;
				CLANG_WARN_CONSTANT_CONVERSION = YES;
				CLANG_WARN_DEPRECATED_OBJC_IMPLEMENTATIONS = YES;
				CLANG_WARN_DIRECT_OBJC_ISA_USAGE = YES_ERROR;
				CLANG_WARN_DOCUMENTATION_COMMENTS = YES;
				CLANG_WARN_EMPTY_BODY = YES;
				CLANG_WARN_ENUM_CONVERSION = YES;
				CLANG_WARN_INFINITE_RECURSION = YES;
				CLANG_WARN_INT_CONVERSION = YES;
				CLANG_WARN_NON_LITERAL_NULL_CONVERSION = YES;
				CLANG_WARN_OBJC_IMPLICIT_RETAIN_SELF = YES;
				CLANG_WARN_OBJC_LITERAL_CONVERSION = YES;
				CLANG_WARN_OBJC_ROOT_CLASS = YES_ERROR;
				CLANG_WARN_RANGE_LOOP_ANALYSIS = YES;
				CLANG_WARN_STRICT_PROTOTYPES = YES;
				CLANG_WARN_SUSPICIOUS_MOVE = YES;
				CLANG_WARN_UNGUARDED_AVAILABILITY = YES_AGGRESSIVE;
				CLANG_WARN_UNREACHABLE_CODE = YES;
				CLANG_WARN__DUPLICATE_METHOD_MATCH = YES;
				COPY_PHASE_STRIP = NO;
				DEBUG_INFORMATION_FORMAT = dwarf;
				ENABLE_STRICT_OBJC_MSGSEND = YES;
				ENABLE_TESTABILITY = YES;
				GCC_C_LANGUAGE_STANDARD = gnu11;
				GCC_DYNAMIC_NO_PIC = NO;
				GCC_NO_COMMON_BLOCKS = YES;
				GCC_OPTIMIZATION_LEVEL = 0;
				GCC_PREPROCESSOR_DEFINITIONS = (
					"DEBUG=1",
					"$(inherited)",
				);
				GCC_WARN_64_TO_32_BIT_CONVERSION = YES;
				GCC_WARN_ABOUT_RETURN_TYPE = YES_ERROR;
				GCC_WARN_UNDECLARED_SELECTOR = YES;
				GCC_WARN_UNINITIALIZED_AUTOS = YES_AGGRESSIVE;
				GCC_WARN_UNUSED_FUNCTION = YES;
				GCC_WARN_UNUSED_VARIABLE = YES;
				IPHONEOS_DEPLOYMENT_TARGET = 13.0;
				MTL_ENABLE_DEBUG_INFO = INCLUDE_SOURCE;
				MTL_FAST_MATH = YES;
				ONLY_ACTIVE_ARCH = YES;
				SDKROOT = iphoneos;
				SWIFT_ACTIVE_COMPILATION_CONDITIONS = DEBUG;
				SWIFT_OPTIMIZATION_LEVEL = "-Onone";
			};
			name = Debug;
		};
		5BA932A02376BA790074C186 /* Release */ = {
			isa = XCBuildConfiguration;
			buildSettings = {
				ALWAYS_SEARCH_USER_PATHS = NO;
				CLANG_ANALYZER_NONNULL = YES;
				CLANG_ANALYZER_NUMBER_OBJECT_CONVERSION = YES_AGGRESSIVE;
				CLANG_CXX_LANGUAGE_STANDARD = "gnu++14";
				CLANG_CXX_LIBRARY = "libc++";
				CLANG_ENABLE_MODULES = YES;
				CLANG_ENABLE_OBJC_ARC = YES;
				CLANG_ENABLE_OBJC_WEAK = YES;
				CLANG_WARN_BLOCK_CAPTURE_AUTORELEASING = YES;
				CLANG_WARN_BOOL_CONVERSION = YES;
				CLANG_WARN_COMMA = YES;
				CLANG_WARN_CONSTANT_CONVERSION = YES;
				CLANG_WARN_DEPRECATED_OBJC_IMPLEMENTATIONS = YES;
				CLANG_WARN_DIRECT_OBJC_ISA_USAGE = YES_ERROR;
				CLANG_WARN_DOCUMENTATION_COMMENTS = YES;
				CLANG_WARN_EMPTY_BODY = YES;
				CLANG_WARN_ENUM_CONVERSION = YES;
				CLANG_WARN_INFINITE_RECURSION = YES;
				CLANG_WARN_INT_CONVERSION = YES;
				CLANG_WARN_NON_LITERAL_NULL_CONVERSION = YES;
				CLANG_WARN_OBJC_IMPLICIT_RETAIN_SELF = YES;
				CLANG_WARN_OBJC_LITERAL_CONVERSION = YES;
				CLANG_WARN_OBJC_ROOT_CLASS = YES_ERROR;
				CLANG_WARN_RANGE_LOOP_ANALYSIS = YES;
				CLANG_WARN_STRICT_PROTOTYPES = YES;
				CLANG_WARN_SUSPICIOUS_MOVE = YES;
				CLANG_WARN_UNGUARDED_AVAILABILITY = YES_AGGRESSIVE;
				CLANG_WARN_UNREACHABLE_CODE = YES;
				CLANG_WARN__DUPLICATE_METHOD_MATCH = YES;
				COPY_PHASE_STRIP = NO;
				DEBUG_INFORMATION_FORMAT = "dwarf-with-dsym";
				ENABLE_NS_ASSERTIONS = NO;
				ENABLE_STRICT_OBJC_MSGSEND = YES;
				GCC_C_LANGUAGE_STANDARD = gnu11;
				GCC_NO_COMMON_BLOCKS = YES;
				GCC_WARN_64_TO_32_BIT_CONVERSION = YES;
				GCC_WARN_ABOUT_RETURN_TYPE = YES_ERROR;
				GCC_WARN_UNDECLARED_SELECTOR = YES;
				GCC_WARN_UNINITIALIZED_AUTOS = YES_AGGRESSIVE;
				GCC_WARN_UNUSED_FUNCTION = YES;
				GCC_WARN_UNUSED_VARIABLE = YES;
				IPHONEOS_DEPLOYMENT_TARGET = 13.0;
				MTL_ENABLE_DEBUG_INFO = NO;
				MTL_FAST_MATH = YES;
				SDKROOT = iphoneos;
				SWIFT_COMPILATION_MODE = wholemodule;
				SWIFT_OPTIMIZATION_LEVEL = "-O";
				VALIDATE_PRODUCT = YES;
			};
			name = Release;
		};
		5BA932A22376BA790074C186 /* Debug */ = {
			isa = XCBuildConfiguration;
			buildSettings = {
				ALWAYS_EMBED_SWIFT_STANDARD_LIBRARIES = YES;
				ASSETCATALOG_COMPILER_APPICON_NAME = AppIcon;
				CODE_SIGN_ENTITLEMENTS = MetaMan/MetaMan.entitlements;
				CODE_SIGN_STYLE = Automatic;
				DEVELOPMENT_TEAM = GMZW8X4D6V;
				INFOPLIST_FILE = MetaMan/Info.plist;
				IPHONEOS_DEPLOYMENT_TARGET = 13.0;
				LD_RUNPATH_SEARCH_PATHS = (
					"$(inherited)",
					"@executable_path/Frameworks",
				);
				MARKETING_VERSION = 0.1;
				PRODUCT_BUNDLE_IDENTIFIER = com.zoerfuss.MetaMan;
				PRODUCT_NAME = "$(TARGET_NAME)";
				SWIFT_VERSION = 5.0;
				TARGETED_DEVICE_FAMILY = "1,2";
			};
			name = Debug;
		};
		5BA932A32376BA790074C186 /* Release */ = {
			isa = XCBuildConfiguration;
			buildSettings = {
				ALWAYS_EMBED_SWIFT_STANDARD_LIBRARIES = YES;
				ASSETCATALOG_COMPILER_APPICON_NAME = AppIcon;
				CODE_SIGN_ENTITLEMENTS = MetaMan/MetaMan.entitlements;
				CODE_SIGN_STYLE = Automatic;
				DEVELOPMENT_TEAM = GMZW8X4D6V;
				INFOPLIST_FILE = MetaMan/Info.plist;
				IPHONEOS_DEPLOYMENT_TARGET = 13.0;
				LD_RUNPATH_SEARCH_PATHS = (
					"$(inherited)",
					"@executable_path/Frameworks",
				);
				MARKETING_VERSION = 0.1;
				PRODUCT_BUNDLE_IDENTIFIER = com.zoerfuss.MetaMan;
				PRODUCT_NAME = "$(TARGET_NAME)";
				SWIFT_VERSION = 5.0;
				TARGETED_DEVICE_FAMILY = "1,2";
			};
			name = Release;
		};
		5BBEB8062376CEBD00B93F09 /* Debug */ = {
			isa = XCBuildConfiguration;
			buildSettings = {
				CODE_SIGN_ENTITLEMENTS = shareExtension/shareExtension.entitlements;
				CODE_SIGN_STYLE = Automatic;
				DEVELOPMENT_TEAM = GMZW8X4D6V;
				INFOPLIST_FILE = shareExtension/Info.plist;
				IPHONEOS_DEPLOYMENT_TARGET = 13.2;
				LD_RUNPATH_SEARCH_PATHS = (
					"$(inherited)",
					"@executable_path/Frameworks",
					"@executable_path/../../Frameworks",
				);
				PRODUCT_BUNDLE_IDENTIFIER = com.zoerfuss.MetaMan.shareExtension;
				PRODUCT_NAME = "$(TARGET_NAME)";
				SKIP_INSTALL = YES;
				SWIFT_VERSION = 5.0;
				TARGETED_DEVICE_FAMILY = "1,2";
			};
			name = Debug;
		};
		5BBEB8072376CEBD00B93F09 /* Release */ = {
			isa = XCBuildConfiguration;
			buildSettings = {
				CODE_SIGN_ENTITLEMENTS = shareExtension/shareExtension.entitlements;
				CODE_SIGN_STYLE = Automatic;
				DEVELOPMENT_TEAM = GMZW8X4D6V;
				INFOPLIST_FILE = shareExtension/Info.plist;
				IPHONEOS_DEPLOYMENT_TARGET = 13.2;
				LD_RUNPATH_SEARCH_PATHS = (
					"$(inherited)",
					"@executable_path/Frameworks",
					"@executable_path/../../Frameworks",
				);
				PRODUCT_BUNDLE_IDENTIFIER = com.zoerfuss.MetaMan.shareExtension;
				PRODUCT_NAME = "$(TARGET_NAME)";
				SKIP_INSTALL = YES;
				SWIFT_VERSION = 5.0;
				TARGETED_DEVICE_FAMILY = "1,2";
			};
			name = Release;
		};
/* End XCBuildConfiguration section */

/* Begin XCConfigurationList section */
		5BA932862376BA780074C186 /* Build configuration list for PBXProject "MetaMan" */ = {
			isa = XCConfigurationList;
			buildConfigurations = (
				5BA9329F2376BA790074C186 /* Debug */,
				5BA932A02376BA790074C186 /* Release */,
			);
			defaultConfigurationIsVisible = 0;
			defaultConfigurationName = Release;
		};
		5BA932A12376BA790074C186 /* Build configuration list for PBXNativeTarget "MetaMan" */ = {
			isa = XCConfigurationList;
			buildConfigurations = (
				5BA932A22376BA790074C186 /* Debug */,
				5BA932A32376BA790074C186 /* Release */,
			);
			defaultConfigurationIsVisible = 0;
			defaultConfigurationName = Release;
		};
		5BBEB8082376CEBD00B93F09 /* Build configuration list for PBXNativeTarget "shareExtension" */ = {
			isa = XCConfigurationList;
			buildConfigurations = (
				5BBEB8062376CEBD00B93F09 /* Debug */,
				5BBEB8072376CEBD00B93F09 /* Release */,
			);
			defaultConfigurationIsVisible = 0;
			defaultConfigurationName = Release;
		};
/* End XCConfigurationList section */
	};
	rootObject = 5BA932832376BA780074C186 /* Project object */;
}
